
Microsoft Visual Studio Solution File, Format Version 12.00
# Visual Studio 15
VisualStudioVersion = 15.0.26124.0
MinimumVisualStudioVersion = 15.0.26124.0
Project("{FAE04EC0-301F-11D3-BF4B-00C04F79EFBC}") = "Polybus", "Polybus\Polybus.csproj", "{5905F2AD-BDC5-4B3B-932E-1A80F6F93F3F}"
EndProject
Project("{FAE04EC0-301F-11D3-BF4B-00C04F79EFBC}") = "Polybus.Tests", "Polybus.Tests\Polybus.Tests.csproj", "{5A2A9C14-EEDA-4DB1-8032-FBF3312E256F}"
EndProject
Global
	GlobalSection(SolutionConfigurationPlatforms) = preSolution
		Debug|Any CPU = Debug|Any CPU
		Debug|x64 = Debug|x64
		Debug|x86 = Debug|x86
		Release|Any CPU = Release|Any CPU
		Release|x64 = Release|x64
		Release|x86 = Release|x86
	EndGlobalSection
	GlobalSection(SolutionProperties) = preSolution
		HideSolutionNode = FALSE
	EndGlobalSection
	GlobalSection(ProjectConfigurationPlatforms) = postSolution
		{5905F2AD-BDC5-4B3B-932E-1A80F6F93F3F}.Debug|Any CPU.ActiveCfg = Debug|Any CPU
		{5905F2AD-BDC5-4B3B-932E-1A80F6F93F3F}.Debug|Any CPU.Build.0 = Debug|Any CPU
		{5905F2AD-BDC5-4B3B-932E-1A80F6F93F3F}.Debug|x64.ActiveCfg = Debug|Any CPU
		{5905F2AD-BDC5-4B3B-932E-1A80F6F93F3F}.Debug|x64.Build.0 = Debug|Any CPU
		{5905F2AD-BDC5-4B3B-932E-1A80F6F93F3F}.Debug|x86.ActiveCfg = Debug|Any CPU
		{5905F2AD-BDC5-4B3B-932E-1A80F6F93F3F}.Debug|x86.Build.0 = Debug|Any CPU
		{5905F2AD-BDC5-4B3B-932E-1A80F6F93F3F}.Release|Any CPU.ActiveCfg = Release|Any CPU
		{5905F2AD-BDC5-4B3B-932E-1A80F6F93F3F}.Release|Any CPU.Build.0 = Release|Any CPU
		{5905F2AD-BDC5-4B3B-932E-1A80F6F93F3F}.Release|x64.ActiveCfg = Release|Any CPU
		{5905F2AD-BDC5-4B3B-932E-1A80F6F93F3F}.Release|x64.Build.0 = Release|Any CPU
		{5905F2AD-BDC5-4B3B-932E-1A80F6F93F3F}.Release|x86.ActiveCfg = Release|Any CPU
		{5905F2AD-BDC5-4B3B-932E-1A80F6F93F3F}.Release|x86.Build.0 = Release|Any CPU
		{5A2A9C14-EEDA-4DB1-8032-FBF3312E256F}.Debug|Any CPU.ActiveCfg = Debug|Any CPU
		{5A2A9C14-EEDA-4DB1-8032-FBF3312E256F}.Debug|Any CPU.Build.0 = Debug|Any CPU
		{5A2A9C14-EEDA-4DB1-8032-FBF3312E256F}.Debug|x64.ActiveCfg = Debug|Any CPU
		{5A2A9C14-EEDA-4DB1-8032-FBF3312E256F}.Debug|x64.Build.0 = Debug|Any CPU
		{5A2A9C14-EEDA-4DB1-8032-FBF3312E256F}.Debug|x86.ActiveCfg = Debug|Any CPU
		{5A2A9C14-EEDA-4DB1-8032-FBF3312E256F}.Debug|x86.Build.0 = Debug|Any CPU
		{5A2A9C14-EEDA-4DB1-8032-FBF3312E256F}.Release|Any CPU.ActiveCfg = Release|Any CPU
		{5A2A9C14-EEDA-4DB1-8032-FBF3312E256F}.Release|Any CPU.Build.0 = Release|Any CPU
		{5A2A9C14-EEDA-4DB1-8032-FBF3312E256F}.Release|x64.ActiveCfg = Release|Any CPU
		{5A2A9C14-EEDA-4DB1-8032-FBF3312E256F}.Release|x64.Build.0 = Release|Any CPU
		{5A2A9C14-EEDA-4DB1-8032-FBF3312E256F}.Release|x86.ActiveCfg = Release|Any CPU
		{5A2A9C14-EEDA-4DB1-8032-FBF3312E256F}.Release|x86.Build.0 = Release|Any CPU
	EndGlobalSection
EndGlobal
